
Microsoft Visual Studio Solution File, Format Version 12.00
# Visual Studio 2013
VisualStudioVersion = 12.0.30501.0
MinimumVisualStudioVersion = 10.0.40219.1
Project("{FAE04EC0-301F-11D3-BF4B-00C04F79EFBC}") = "PCLCache", "PCLCache\PCLCache.csproj", "{1730C0CF-0777-4A39-A95F-616B83C6E10A}"
EndProject
Project("{FAE04EC0-301F-11D3-BF4B-00C04F79EFBC}") = "PCLCache.UnitTests", "PCLCache.UnitTests\PCLCache.UnitTests.csproj", "{ECF2E965-B649-459E-B438-5C975F59E433}"
EndProject
Project("{FAE04EC0-301F-11D3-BF4B-00C04F79EFBC}") = "PCLCache.UnitTests.WindowsStore", "PCLCache.UnitTests.WindowsStore\PCLCache.UnitTests.WindowsStore.csproj", "{B10F058C-3F71-482D-86DA-DD65614B0275}"
EndProject
Project("{2150E333-8FDC-42A3-9474-1A3956D46DE8}") = ".nuget", ".nuget", "{5E90A6D8-A81A-42EF-97FA-DCF2C6B019C7}"
	ProjectSection(SolutionItems) = preProject
		.nuget\NuGet.Config = .nuget\NuGet.Config
		.nuget\NuGet.exe = .nuget\NuGet.exe
		.nuget\NuGet.targets = .nuget\NuGet.targets
		.nuget\packages.config = .nuget\packages.config
	EndProjectSection
EndProject
Project("{2150E333-8FDC-42A3-9474-1A3956D46DE8}") = "build", "build", "{C9FCD0AB-5CDB-4251-8FFD-7E0E2EB99B7E}"
	ProjectSection(SolutionItems) = preProject
		build\CommonAssemblyInfo.cs = build\CommonAssemblyInfo.cs
		build\nuspec.xsd = build\nuspec.xsd
		Pack.bat = Pack.bat
		build\PCLCache.nuspec = build\PCLCache.nuspec
	EndProjectSection
EndProject
Project("{FAE04EC0-301F-11D3-BF4B-00C04F79EFBC}") = "PCLCache.UnitTests.Desktop", "PCLCache.UnitTests.Desktop\PCLCache.UnitTests.Desktop.csproj", "{C2496AC2-7D20-4404-8008-1FC6C27ED85A}"
EndProject
Project("{2150E333-8FDC-42A3-9474-1A3956D46DE8}") = "docs", "docs", "{BBD3FBBB-6B4B-4CCE-ABD7-2F7C99B2B8C7}"
	ProjectSection(SolutionItems) = preProject
		..\README.md = ..\README.md
	EndProjectSection
EndProject
Project("{FAE04EC0-301F-11D3-BF4B-00C04F79EFBC}") = "PCLCache.SampleApp", "PCLCache.SampleApp\PCLCache.SampleApp.csproj", "{5005AED6-4FFB-4E47-AE6B-CF66DDA28DF7}"
EndProject
Project("{FAE04EC0-301F-11D3-BF4B-00C04F79EFBC}") = "PCLCache.SampleApi", "PCLCache.SampleApi\PCLCache.SampleApi.csproj", "{51801DBB-5DD7-425E-8DE4-8538587D8DAA}"
EndProject
Project("{FAE04EC0-301F-11D3-BF4B-00C04F79EFBC}") = "PCLCache.SamplePhoneApp", "PCLCache.SamplePhoneApp\PCLCache.SamplePhoneApp.csproj", "{3B0AB90B-BE84-4165-BEF9-788A6579B00C}"
EndProject
Project("{2150E333-8FDC-42A3-9474-1A3956D46DE8}") = "settings", "settings", "{9E96126B-7A77-4628-815F-980D85BC3095}"
	ProjectSection(SolutionItems) = preProject
		PCLCacheCodeAnalysisRuleset.ruleset = PCLCacheCodeAnalysisRuleset.ruleset
	EndProjectSection
EndProject
Project("{FAE04EC0-301F-11D3-BF4B-00C04F79EFBC}") = "PCLCache.SampleSharedCode", "PCLCache.SampleSharedCode\PCLCache.SampleSharedCode.csproj", "{C8635FF5-1D76-49DE-ADDA-C9D0A3D7A24E}"
EndProject
Global
	GlobalSection(SolutionConfigurationPlatforms) = preSolution
		Debug|Any CPU = Debug|Any CPU
		Debug|ARM = Debug|ARM
		Debug|Mixed Platforms = Debug|Mixed Platforms
		Debug|x64 = Debug|x64
		Debug|x86 = Debug|x86
		Release|Any CPU = Release|Any CPU
		Release|ARM = Release|ARM
		Release|Mixed Platforms = Release|Mixed Platforms
		Release|x64 = Release|x64
		Release|x86 = Release|x86
	EndGlobalSection
	GlobalSection(ProjectConfigurationPlatforms) = postSolution
		{1730C0CF-0777-4A39-A95F-616B83C6E10A}.Debug|Any CPU.ActiveCfg = Debug|Any CPU
		{1730C0CF-0777-4A39-A95F-616B83C6E10A}.Debug|Any CPU.Build.0 = Debug|Any CPU
		{1730C0CF-0777-4A39-A95F-616B83C6E10A}.Debug|ARM.ActiveCfg = Debug|Any CPU
		{1730C0CF-0777-4A39-A95F-616B83C6E10A}.Debug|Mixed Platforms.ActiveCfg = Debug|Any CPU
		{1730C0CF-0777-4A39-A95F-616B83C6E10A}.Debug|Mixed Platforms.Build.0 = Debug|Any CPU
		{1730C0CF-0777-4A39-A95F-616B83C6E10A}.Debug|x64.ActiveCfg = Debug|Any CPU
		{1730C0CF-0777-4A39-A95F-616B83C6E10A}.Debug|x86.ActiveCfg = Debug|Any CPU
		{1730C0CF-0777-4A39-A95F-616B83C6E10A}.Release|Any CPU.ActiveCfg = Release|Any CPU
		{1730C0CF-0777-4A39-A95F-616B83C6E10A}.Release|Any CPU.Build.0 = Release|Any CPU
		{1730C0CF-0777-4A39-A95F-616B83C6E10A}.Release|ARM.ActiveCfg = Release|Any CPU
		{1730C0CF-0777-4A39-A95F-616B83C6E10A}.Release|Mixed Platforms.ActiveCfg = Release|Any CPU
		{1730C0CF-0777-4A39-A95F-616B83C6E10A}.Release|Mixed Platforms.Build.0 = Release|Any CPU
		{1730C0CF-0777-4A39-A95F-616B83C6E10A}.Release|x64.ActiveCfg = Release|Any CPU
		{1730C0CF-0777-4A39-A95F-616B83C6E10A}.Release|x86.ActiveCfg = Release|Any CPU
		{ECF2E965-B649-459E-B438-5C975F59E433}.Debug|Any CPU.ActiveCfg = Debug|Any CPU
		{ECF2E965-B649-459E-B438-5C975F59E433}.Debug|Any CPU.Build.0 = Debug|Any CPU
		{ECF2E965-B649-459E-B438-5C975F59E433}.Debug|ARM.ActiveCfg = Debug|Any CPU
		{ECF2E965-B649-459E-B438-5C975F59E433}.Debug|Mixed Platforms.ActiveCfg = Debug|Any CPU
		{ECF2E965-B649-459E-B438-5C975F59E433}.Debug|Mixed Platforms.Build.0 = Debug|Any CPU
		{ECF2E965-B649-459E-B438-5C975F59E433}.Debug|x64.ActiveCfg = Debug|Any CPU
		{ECF2E965-B649-459E-B438-5C975F59E433}.Debug|x86.ActiveCfg = Debug|Any CPU
		{ECF2E965-B649-459E-B438-5C975F59E433}.Release|Any CPU.ActiveCfg = Release|Any CPU
		{ECF2E965-B649-459E-B438-5C975F59E433}.Release|Any CPU.Build.0 = Release|Any CPU
		{ECF2E965-B649-459E-B438-5C975F59E433}.Release|ARM.ActiveCfg = Release|Any CPU
		{ECF2E965-B649-459E-B438-5C975F59E433}.Release|Mixed Platforms.ActiveCfg = Release|Any CPU
		{ECF2E965-B649-459E-B438-5C975F59E433}.Release|Mixed Platforms.Build.0 = Release|Any CPU
		{ECF2E965-B649-459E-B438-5C975F59E433}.Release|x64.ActiveCfg = Release|Any CPU
		{ECF2E965-B649-459E-B438-5C975F59E433}.Release|x86.ActiveCfg = Release|Any CPU
		{B10F058C-3F71-482D-86DA-DD65614B0275}.Debug|Any CPU.ActiveCfg = Debug|Any CPU
		{B10F058C-3F71-482D-86DA-DD65614B0275}.Debug|Any CPU.Build.0 = Debug|Any CPU
		{B10F058C-3F71-482D-86DA-DD65614B0275}.Debug|Any CPU.Deploy.0 = Debug|Any CPU
		{B10F058C-3F71-482D-86DA-DD65614B0275}.Debug|ARM.ActiveCfg = Debug|ARM
		{B10F058C-3F71-482D-86DA-DD65614B0275}.Debug|ARM.Build.0 = Debug|ARM
		{B10F058C-3F71-482D-86DA-DD65614B0275}.Debug|ARM.Deploy.0 = Debug|ARM
		{B10F058C-3F71-482D-86DA-DD65614B0275}.Debug|Mixed Platforms.ActiveCfg = Debug|x86
		{B10F058C-3F71-482D-86DA-DD65614B0275}.Debug|Mixed Platforms.Build.0 = Debug|x86
		{B10F058C-3F71-482D-86DA-DD65614B0275}.Debug|Mixed Platforms.Deploy.0 = Debug|x86
		{B10F058C-3F71-482D-86DA-DD65614B0275}.Debug|x64.ActiveCfg = Debug|x64
		{B10F058C-3F71-482D-86DA-DD65614B0275}.Debug|x64.Build.0 = Debug|x64
		{B10F058C-3F71-482D-86DA-DD65614B0275}.Debug|x64.Deploy.0 = Debug|x64
		{B10F058C-3F71-482D-86DA-DD65614B0275}.Debug|x86.ActiveCfg = Debug|x86
		{B10F058C-3F71-482D-86DA-DD65614B0275}.Debug|x86.Build.0 = Debug|x86
		{B10F058C-3F71-482D-86DA-DD65614B0275}.Debug|x86.Deploy.0 = Debug|x86
		{B10F058C-3F71-482D-86DA-DD65614B0275}.Release|Any CPU.ActiveCfg = Release|Any CPU
		{B10F058C-3F71-482D-86DA-DD65614B0275}.Release|Any CPU.Build.0 = Release|Any CPU
		{B10F058C-3F71-482D-86DA-DD65614B0275}.Release|Any CPU.Deploy.0 = Release|Any CPU
		{B10F058C-3F71-482D-86DA-DD65614B0275}.Release|ARM.ActiveCfg = Release|ARM
		{B10F058C-3F71-482D-86DA-DD65614B0275}.Release|ARM.Build.0 = Release|ARM
		{B10F058C-3F71-482D-86DA-DD65614B0275}.Release|ARM.Deploy.0 = Release|ARM
		{B10F058C-3F71-482D-86DA-DD65614B0275}.Release|Mixed Platforms.ActiveCfg = Release|x86
		{B10F058C-3F71-482D-86DA-DD65614B0275}.Release|Mixed Platforms.Build.0 = Release|x86
		{B10F058C-3F71-482D-86DA-DD65614B0275}.Release|Mixed Platforms.Deploy.0 = Release|x86
		{B10F058C-3F71-482D-86DA-DD65614B0275}.Release|x64.ActiveCfg = Release|x64
		{B10F058C-3F71-482D-86DA-DD65614B0275}.Release|x64.Build.0 = Release|x64
		{B10F058C-3F71-482D-86DA-DD65614B0275}.Release|x64.Deploy.0 = Release|x64
		{B10F058C-3F71-482D-86DA-DD65614B0275}.Release|x86.ActiveCfg = Release|x86
		{B10F058C-3F71-482D-86DA-DD65614B0275}.Release|x86.Build.0 = Release|x86
		{B10F058C-3F71-482D-86DA-DD65614B0275}.Release|x86.Deploy.0 = Release|x86
		{C2496AC2-7D20-4404-8008-1FC6C27ED85A}.Debug|Any CPU.ActiveCfg = Debug|Any CPU
		{C2496AC2-7D20-4404-8008-1FC6C27ED85A}.Debug|Any CPU.Build.0 = Debug|Any CPU
		{C2496AC2-7D20-4404-8008-1FC6C27ED85A}.Debug|ARM.ActiveCfg = Debug|Any CPU
		{C2496AC2-7D20-4404-8008-1FC6C27ED85A}.Debug|Mixed Platforms.ActiveCfg = Debug|Any CPU
		{C2496AC2-7D20-4404-8008-1FC6C27ED85A}.Debug|Mixed Platforms.Build.0 = Debug|Any CPU
		{C2496AC2-7D20-4404-8008-1FC6C27ED85A}.Debug|x64.ActiveCfg = Debug|Any CPU
		{C2496AC2-7D20-4404-8008-1FC6C27ED85A}.Debug|x86.ActiveCfg = Debug|Any CPU
		{C2496AC2-7D20-4404-8008-1FC6C27ED85A}.Release|Any CPU.ActiveCfg = Release|Any CPU
		{C2496AC2-7D20-4404-8008-1FC6C27ED85A}.Release|Any CPU.Build.0 = Release|Any CPU
		{C2496AC2-7D20-4404-8008-1FC6C27ED85A}.Release|ARM.ActiveCfg = Release|Any CPU
		{C2496AC2-7D20-4404-8008-1FC6C27ED85A}.Release|Mixed Platforms.ActiveCfg = Release|Any CPU
		{C2496AC2-7D20-4404-8008-1FC6C27ED85A}.Release|Mixed Platforms.Build.0 = Release|Any CPU
		{C2496AC2-7D20-4404-8008-1FC6C27ED85A}.Release|x64.ActiveCfg = Release|Any CPU
		{C2496AC2-7D20-4404-8008-1FC6C27ED85A}.Release|x86.ActiveCfg = Release|Any CPU
		{5005AED6-4FFB-4E47-AE6B-CF66DDA28DF7}.Debug|Any CPU.ActiveCfg = Debug|Any CPU
		{5005AED6-4FFB-4E47-AE6B-CF66DDA28DF7}.Debug|Any CPU.Build.0 = Debug|Any CPU
		{5005AED6-4FFB-4E47-AE6B-CF66DDA28DF7}.Debug|Any CPU.Deploy.0 = Debug|Any CPU
		{5005AED6-4FFB-4E47-AE6B-CF66DDA28DF7}.Debug|ARM.ActiveCfg = Debug|ARM
		{5005AED6-4FFB-4E47-AE6B-CF66DDA28DF7}.Debug|ARM.Build.0 = Debug|ARM
		{5005AED6-4FFB-4E47-AE6B-CF66DDA28DF7}.Debug|ARM.Deploy.0 = Debug|ARM
		{5005AED6-4FFB-4E47-AE6B-CF66DDA28DF7}.Debug|Mixed Platforms.ActiveCfg = Debug|x86
		{5005AED6-4FFB-4E47-AE6B-CF66DDA28DF7}.Debug|Mixed Platforms.Build.0 = Debug|x86
		{5005AED6-4FFB-4E47-AE6B-CF66DDA28DF7}.Debug|Mixed Platforms.Deploy.0 = Debug|x86
		{5005AED6-4FFB-4E47-AE6B-CF66DDA28DF7}.Debug|x64.ActiveCfg = Debug|x64
		{5005AED6-4FFB-4E47-AE6B-CF66DDA28DF7}.Debug|x64.Build.0 = Debug|x64
		{5005AED6-4FFB-4E47-AE6B-CF66DDA28DF7}.Debug|x64.Deploy.0 = Debug|x64
		{5005AED6-4FFB-4E47-AE6B-CF66DDA28DF7}.Debug|x86.ActiveCfg = Debug|x86
		{5005AED6-4FFB-4E47-AE6B-CF66DDA28DF7}.Debug|x86.Build.0 = Debug|x86
		{5005AED6-4FFB-4E47-AE6B-CF66DDA28DF7}.Debug|x86.Deploy.0 = Debug|x86
		{5005AED6-4FFB-4E47-AE6B-CF66DDA28DF7}.Release|Any CPU.ActiveCfg = Release|Any CPU
		{5005AED6-4FFB-4E47-AE6B-CF66DDA28DF7}.Release|Any CPU.Build.0 = Release|Any CPU
		{5005AED6-4FFB-4E47-AE6B-CF66DDA28DF7}.Release|Any CPU.Deploy.0 = Release|Any CPU
		{5005AED6-4FFB-4E47-AE6B-CF66DDA28DF7}.Release|ARM.ActiveCfg = Release|ARM
		{5005AED6-4FFB-4E47-AE6B-CF66DDA28DF7}.Release|ARM.Build.0 = Release|ARM
		{5005AED6-4FFB-4E47-AE6B-CF66DDA28DF7}.Release|ARM.Deploy.0 = Release|ARM
		{5005AED6-4FFB-4E47-AE6B-CF66DDA28DF7}.Release|Mixed Platforms.ActiveCfg = Release|x86
		{5005AED6-4FFB-4E47-AE6B-CF66DDA28DF7}.Release|Mixed Platforms.Build.0 = Release|x86
		{5005AED6-4FFB-4E47-AE6B-CF66DDA28DF7}.Release|Mixed Platforms.Deploy.0 = Release|x86
		{5005AED6-4FFB-4E47-AE6B-CF66DDA28DF7}.Release|x64.ActiveCfg = Release|x64
		{5005AED6-4FFB-4E47-AE6B-CF66DDA28DF7}.Release|x64.Build.0 = Release|x64
		{5005AED6-4FFB-4E47-AE6B-CF66DDA28DF7}.Release|x64.Deploy.0 = Release|x64
		{5005AED6-4FFB-4E47-AE6B-CF66DDA28DF7}.Release|x86.ActiveCfg = Release|x86
		{5005AED6-4FFB-4E47-AE6B-CF66DDA28DF7}.Release|x86.Build.0 = Release|x86
		{5005AED6-4FFB-4E47-AE6B-CF66DDA28DF7}.Release|x86.Deploy.0 = Release|x86
		{51801DBB-5DD7-425E-8DE4-8538587D8DAA}.Debug|Any CPU.ActiveCfg = Debug|Any CPU
		{51801DBB-5DD7-425E-8DE4-8538587D8DAA}.Debug|Any CPU.Build.0 = Debug|Any CPU
		{51801DBB-5DD7-425E-8DE4-8538587D8DAA}.Debug|ARM.ActiveCfg = Debug|Any CPU
		{51801DBB-5DD7-425E-8DE4-8538587D8DAA}.Debug|Mixed Platforms.ActiveCfg = Debug|Any CPU
		{51801DBB-5DD7-425E-8DE4-8538587D8DAA}.Debug|Mixed Platforms.Build.0 = Debug|Any CPU
		{51801DBB-5DD7-425E-8DE4-8538587D8DAA}.Debug|x64.ActiveCfg = Debug|Any CPU
		{51801DBB-5DD7-425E-8DE4-8538587D8DAA}.Debug|x86.ActiveCfg = Debug|Any CPU
		{51801DBB-5DD7-425E-8DE4-8538587D8DAA}.Release|Any CPU.ActiveCfg = Release|Any CPU
		{51801DBB-5DD7-425E-8DE4-8538587D8DAA}.Release|Any CPU.Build.0 = Release|Any CPU
		{51801DBB-5DD7-425E-8DE4-8538587D8DAA}.Release|ARM.ActiveCfg = Release|Any CPU
		{51801DBB-5DD7-425E-8DE4-8538587D8DAA}.Release|Mixed Platforms.ActiveCfg = Release|Any CPU
		{51801DBB-5DD7-425E-8DE4-8538587D8DAA}.Release|Mixed Platforms.Build.0 = Release|Any CPU
		{51801DBB-5DD7-425E-8DE4-8538587D8DAA}.Release|x64.ActiveCfg = Release|Any CPU
		{51801DBB-5DD7-425E-8DE4-8538587D8DAA}.Release|x86.ActiveCfg = Release|Any CPU
		{3B0AB90B-BE84-4165-BEF9-788A6579B00C}.Debug|Any CPU.ActiveCfg = Debug|Any CPU
		{3B0AB90B-BE84-4165-BEF9-788A6579B00C}.Debug|Any CPU.Build.0 = Debug|Any CPU
		{3B0AB90B-BE84-4165-BEF9-788A6579B00C}.Debug|Any CPU.Deploy.0 = Debug|Any CPU
		{3B0AB90B-BE84-4165-BEF9-788A6579B00C}.Debug|ARM.ActiveCfg = Debug|ARM
		{3B0AB90B-BE84-4165-BEF9-788A6579B00C}.Debug|ARM.Build.0 = Debug|ARM
		{3B0AB90B-BE84-4165-BEF9-788A6579B00C}.Debug|ARM.Deploy.0 = Debug|ARM
		{3B0AB90B-BE84-4165-BEF9-788A6579B00C}.Debug|Mixed Platforms.ActiveCfg = Debug|x86
		{3B0AB90B-BE84-4165-BEF9-788A6579B00C}.Debug|Mixed Platforms.Build.0 = Debug|x86
		{3B0AB90B-BE84-4165-BEF9-788A6579B00C}.Debug|Mixed Platforms.Deploy.0 = Debug|x86
		{3B0AB90B-BE84-4165-BEF9-788A6579B00C}.Debug|x64.ActiveCfg = Debug|Any CPU
		{3B0AB90B-BE84-4165-BEF9-788A6579B00C}.Debug|x86.ActiveCfg = Debug|x86
		{3B0AB90B-BE84-4165-BEF9-788A6579B00C}.Debug|x86.Build.0 = Debug|x86
		{3B0AB90B-BE84-4165-BEF9-788A6579B00C}.Debug|x86.Deploy.0 = Debug|x86
		{3B0AB90B-BE84-4165-BEF9-788A6579B00C}.Release|Any CPU.ActiveCfg = Release|Any CPU
		{3B0AB90B-BE84-4165-BEF9-788A6579B00C}.Release|Any CPU.Build.0 = Release|Any CPU
		{3B0AB90B-BE84-4165-BEF9-788A6579B00C}.Release|Any CPU.Deploy.0 = Release|Any CPU
		{3B0AB90B-BE84-4165-BEF9-788A6579B00C}.Release|ARM.ActiveCfg = Release|ARM
		{3B0AB90B-BE84-4165-BEF9-788A6579B00C}.Release|ARM.Build.0 = Release|ARM
		{3B0AB90B-BE84-4165-BEF9-788A6579B00C}.Release|ARM.Deploy.0 = Release|ARM
		{3B0AB90B-BE84-4165-BEF9-788A6579B00C}.Release|Mixed Platforms.ActiveCfg = Release|x86
		{3B0AB90B-BE84-4165-BEF9-788A6579B00C}.Release|Mixed Platforms.Build.0 = Release|x86
		{3B0AB90B-BE84-4165-BEF9-788A6579B00C}.Release|Mixed Platforms.Deploy.0 = Release|x86
		{3B0AB90B-BE84-4165-BEF9-788A6579B00C}.Release|x64.ActiveCfg = Release|Any CPU
		{3B0AB90B-BE84-4165-BEF9-788A6579B00C}.Release|x86.ActiveCfg = Release|x86
		{3B0AB90B-BE84-4165-BEF9-788A6579B00C}.Release|x86.Build.0 = Release|x86
		{3B0AB90B-BE84-4165-BEF9-788A6579B00C}.Release|x86.Deploy.0 = Release|x86
		{C8635FF5-1D76-49DE-ADDA-C9D0A3D7A24E}.Debug|Any CPU.ActiveCfg = Debug|Any CPU
		{C8635FF5-1D76-49DE-ADDA-C9D0A3D7A24E}.Debug|Any CPU.Build.0 = Debug|Any CPU
		{C8635FF5-1D76-49DE-ADDA-C9D0A3D7A24E}.Debug|ARM.ActiveCfg = Debug|Any CPU
		{C8635FF5-1D76-49DE-ADDA-C9D0A3D7A24E}.Debug|Mixed Platforms.ActiveCfg = Debug|Any CPU
		{C8635FF5-1D76-49DE-ADDA-C9D0A3D7A24E}.Debug|Mixed Platforms.Build.0 = Debug|Any CPU
		{C8635FF5-1D76-49DE-ADDA-C9D0A3D7A24E}.Debug|x64.ActiveCfg = Debug|Any CPU
		{C8635FF5-1D76-49DE-ADDA-C9D0A3D7A24E}.Debug|x86.ActiveCfg = Debug|Any CPU
		{C8635FF5-1D76-49DE-ADDA-C9D0A3D7A24E}.Release|Any CPU.ActiveCfg = Release|Any CPU
		{C8635FF5-1D76-49DE-ADDA-C9D0A3D7A24E}.Release|Any CPU.Build.0 = Release|Any CPU
		{C8635FF5-1D76-49DE-ADDA-C9D0A3D7A24E}.Release|ARM.ActiveCfg = Release|Any CPU
		{C8635FF5-1D76-49DE-ADDA-C9D0A3D7A24E}.Release|Mixed Platforms.ActiveCfg = Release|Any CPU
		{C8635FF5-1D76-49DE-ADDA-C9D0A3D7A24E}.Release|Mixed Platforms.Build.0 = Release|Any CPU
		{C8635FF5-1D76-49DE-ADDA-C9D0A3D7A24E}.Release|x64.ActiveCfg = Release|Any CPU
		{C8635FF5-1D76-49DE-ADDA-C9D0A3D7A24E}.Release|x86.ActiveCfg = Release|Any CPU
	EndGlobalSection
	GlobalSection(SolutionProperties) = preSolution
		HideSolutionNode = FALSE
	EndGlobalSection
EndGlobal
